
Microsoft Visual Studio Solution File, Format Version 12.00
# Visual Studio Version 17
VisualStudioVersion = 17.5.33530.505
MinimumVisualStudioVersion = 10.0.40219.1
Project("{FAE04EC0-301F-11D3-BF4B-00C04F79EFBC}") = "Store.Api", "Store.Api\Store.Api.csproj", "{5DFC96DA-58EF-403B-97F1-019DB4E4F767}"
EndProject
Project("{FAE04EC0-301F-11D3-BF4B-00C04F79EFBC}") = "Store.Db", "Store.BD\Store.Db.csproj", "{73268616-FC9C-43DA-A654-1E6031F9091E}"
EndProject
Project("{FAE04EC0-301F-11D3-BF4B-00C04F79EFBC}") = "Store.Services", "Store.Services\Store.Services.csproj", "{F9A77241-C63F-4E0C-8FCE-2CD2ADC59CD5}"
EndProject
Global
	GlobalSection(SolutionConfigurationPlatforms) = preSolution
		Debug|Any CPU = Debug|Any CPU
		Release|Any CPU = Release|Any CPU
	EndGlobalSection
	GlobalSection(ProjectConfigurationPlatforms) = postSolution
		{5DFC96DA-58EF-403B-97F1-019DB4E4F767}.Debug|Any CPU.ActiveCfg = Debug|Any CPU
		{5DFC96DA-58EF-403B-97F1-019DB4E4F767}.Debug|Any CPU.Build.0 = Debug|Any CPU
		{5DFC96DA-58EF-403B-97F1-019DB4E4F767}.Release|Any CPU.ActiveCfg = Release|Any CPU
		{5DFC96DA-58EF-403B-97F1-019DB4E4F767}.Release|Any CPU.Build.0 = Release|Any CPU
		{73268616-FC9C-43DA-A654-1E6031F9091E}.Debug|Any CPU.ActiveCfg = Debug|Any CPU
		{73268616-FC9C-43DA-A654-1E6031F9091E}.Debug|Any CPU.Build.0 = Debug|Any CPU
		{73268616-FC9C-43DA-A654-1E6031F9091E}.Release|Any CPU.ActiveCfg = Release|Any CPU
		{73268616-FC9C-43DA-A654-1E6031F9091E}.Release|Any CPU.Build.0 = Release|Any CPU
		{F9A77241-C63F-4E0C-8FCE-2CD2ADC59CD5}.Debug|Any CPU.ActiveCfg = Debug|Any CPU
		{F9A77241-C63F-4E0C-8FCE-2CD2ADC59CD5}.Debug|Any CPU.Build.0 = Debug|Any CPU
		{F9A77241-C63F-4E0C-8FCE-2CD2ADC59CD5}.Release|Any CPU.ActiveCfg = Release|Any CPU
		{F9A77241-C63F-4E0C-8FCE-2CD2ADC59CD5}.Release|Any CPU.Build.0 = Release|Any CPU
	EndGlobalSection
	GlobalSection(SolutionProperties) = preSolution
		HideSolutionNode = FALSE
	EndGlobalSection
	GlobalSection(ExtensibilityGlobals) = postSolution
		SolutionGuid = {264FD1D3-9A67-4E29-9464-ADC91DBBC989}
	EndGlobalSection
EndGlobal
